
Microsoft Visual Studio Solution File, Format Version 12.00
# Visual Studio Version 16
VisualStudioVersion = 16.0.31911.196
MinimumVisualStudioVersion = 10.0.40219.1
Project("{FAE04EC0-301F-11D3-BF4B-00C04F79EFBC}") = "LAB4_BT8", "LAB4_BT8.csproj", "{EA8E272C-557F-4C2E-9C65-2F2A15F01DDC}"
EndProject
Global
	GlobalSection(SolutionConfigurationPlatforms) = preSolution
		Debug|Any CPU = Debug|Any CPU
		Release|Any CPU = Release|Any CPU
	EndGlobalSection
	GlobalSection(ProjectConfigurationPlatforms) = postSolution
		{EA8E272C-557F-4C2E-9C65-2F2A15F01DDC}.Debug|Any CPU.ActiveCfg = Debug|Any CPU
		{EA8E272C-557F-4C2E-9C65-2F2A15F01DDC}.Debug|Any CPU.Build.0 = Debug|Any CPU
		{EA8E272C-557F-4C2E-9C65-2F2A15F01DDC}.Release|Any CPU.ActiveCfg = Release|Any CPU
		{EA8E272C-557F-4C2E-9C65-2F2A15F01DDC}.Release|Any CPU.Build.0 = Release|Any CPU
	EndGlobalSection
	GlobalSection(SolutionProperties) = preSolution
		HideSolutionNode = FALSE
	EndGlobalSection
	GlobalSection(ExtensibilityGlobals) = postSolution
		SolutionGuid = {6975B7FF-C184-4885-8926-DBA8F44532ED}
	EndGlobalSection
EndGlobal
