
Microsoft Visual Studio Solution File, Format Version 12.00
# Visual Studio Version 16
VisualStudioVersion = 16.0.810.13
MinimumVisualStudioVersion = 10.0.40219.1
Project("{FAE04EC0-301F-11D3-BF4B-00C04F79EFBC}") = "Lab3_Cau2", "Lab3_Cau2\Lab3_Cau2.csproj", "{1129ABD5-6FB1-4CDB-9F74-347A84B8075B}"
EndProject
Global
	GlobalSection(SolutionConfigurationPlatforms) = preSolution
		Debug|anycpu = Debug|anycpu
		Release|anycpu = Release|anycpu
	EndGlobalSection
	GlobalSection(ProjectConfigurationPlatforms) = postSolution
		{1129ABD5-6FB1-4CDB-9F74-347A84B8075B}.Debug|anycpu.ActiveCfg = Debug|anycpu
		{1129ABD5-6FB1-4CDB-9F74-347A84B8075B}.Debug|anycpu.Build.0 = Debug|anycpu
		{1129ABD5-6FB1-4CDB-9F74-347A84B8075B}.Release|anycpu.ActiveCfg = Release|anycpu
		{1129ABD5-6FB1-4CDB-9F74-347A84B8075B}.Release|anycpu.Build.0 = Release|anycpu
	EndGlobalSection
	GlobalSection(SolutionProperties) = preSolution
		HideSolutionNode = FALSE
	EndGlobalSection
	GlobalSection(ExtensibilityGlobals) = postSolution
		SolutionGuid = {3846D761-F5DE-4EAA-98B5-254842C01555}
	EndGlobalSection
EndGlobal
