
Microsoft Visual Studio Solution File, Format Version 12.00
# Visual Studio Version 16
VisualStudioVersion = 16.0.810.13
MinimumVisualStudioVersion = 10.0.40219.1
Project("{FAE04EC0-301F-11D3-BF4B-00C04F79EFBC}") = "Lab3_Cau1", "Lab3_Cau1\Lab3_Cau1.csproj", "{7B7ED09A-A2EC-4639-A56C-CF45C9097524}"
EndProject
Global
	GlobalSection(SolutionConfigurationPlatforms) = preSolution
		Debug|anycpu = Debug|anycpu
		Release|anycpu = Release|anycpu
	EndGlobalSection
	GlobalSection(ProjectConfigurationPlatforms) = postSolution
		{7B7ED09A-A2EC-4639-A56C-CF45C9097524}.Debug|anycpu.ActiveCfg = Debug|anycpu
		{7B7ED09A-A2EC-4639-A56C-CF45C9097524}.Debug|anycpu.Build.0 = Debug|anycpu
		{7B7ED09A-A2EC-4639-A56C-CF45C9097524}.Release|anycpu.ActiveCfg = Release|anycpu
		{7B7ED09A-A2EC-4639-A56C-CF45C9097524}.Release|anycpu.Build.0 = Release|anycpu
	EndGlobalSection
	GlobalSection(SolutionProperties) = preSolution
		HideSolutionNode = FALSE
	EndGlobalSection
	GlobalSection(ExtensibilityGlobals) = postSolution
		SolutionGuid = {60FA8FD3-7754-4A0E-8A37-9CE5049A7F52}
	EndGlobalSection
EndGlobal
