
Microsoft Visual Studio Solution File, Format Version 12.00
# Visual Studio Version 16
VisualStudioVersion = 16.0.810.13
MinimumVisualStudioVersion = 10.0.40219.1
Project("{FAE04EC0-301F-11D3-BF4B-00C04F79EFBC}") = "Vd-BaiTap3", "Vd-BaiTap3\Vd-BaiTap3.csproj", "{B2C4572E-5C0E-4036-84A4-A4F48156B5E8}"
EndProject
Global
	GlobalSection(SolutionConfigurationPlatforms) = preSolution
		Debug|anycpu = Debug|anycpu
		Release|anycpu = Release|anycpu
	EndGlobalSection
	GlobalSection(ProjectConfigurationPlatforms) = postSolution
		{B2C4572E-5C0E-4036-84A4-A4F48156B5E8}.Debug|anycpu.ActiveCfg = Debug|anycpu
		{B2C4572E-5C0E-4036-84A4-A4F48156B5E8}.Debug|anycpu.Build.0 = Debug|anycpu
		{B2C4572E-5C0E-4036-84A4-A4F48156B5E8}.Release|anycpu.ActiveCfg = Release|anycpu
		{B2C4572E-5C0E-4036-84A4-A4F48156B5E8}.Release|anycpu.Build.0 = Release|anycpu
	EndGlobalSection
	GlobalSection(SolutionProperties) = preSolution
		HideSolutionNode = FALSE
	EndGlobalSection
	GlobalSection(ExtensibilityGlobals) = postSolution
		SolutionGuid = {8E6A95C9-AE57-4A2D-96B1-D0FD267DA20B}
	EndGlobalSection
EndGlobal
